// !$*UTF8*$!
{
	archiveVersion = 1;
	classes = {
	};
	objectVersion = 56;
	objects = {

/* Begin PBXBuildFile section */
		729D84172A3C2FAB00DAFB3A /* AppDelegate.swift in Sources */ = {isa = PBXBuildFile; fileRef = 729D84162A3C2FAB00DAFB3A /* AppDelegate.swift */; };
		729D84192A3C2FAB00DAFB3A /* SceneDelegate.swift in Sources */ = {isa = PBXBuildFile; fileRef = 729D84182A3C2FAB00DAFB3A /* SceneDelegate.swift */; };
		729D841B2A3C2FAB00DAFB3A /* ViewController.swift in Sources */ = {isa = PBXBuildFile; fileRef = 729D841A2A3C2FAB00DAFB3A /* ViewController.swift */; };
		729D841E2A3C2FAB00DAFB3A /* Main.storyboard in Resources */ = {isa = PBXBuildFile; fileRef = 729D841C2A3C2FAB00DAFB3A /* Main.storyboard */; };
		729D84202A3C2FAC00DAFB3A /* Assets.xcassets in Resources */ = {isa = PBXBuildFile; fileRef = 729D841F2A3C2FAC00DAFB3A /* Assets.xcassets */; };
		729D84232A3C2FAC00DAFB3A /* LaunchScreen.storyboard in Resources */ = {isa = PBXBuildFile; fileRef = 729D84212A3C2FAC00DAFB3A /* LaunchScreen.storyboard */; };
		729D842E2A3C2FAC00DAFB3A /* CPLunarDatePickerTests.swift in Sources */ = {isa = PBXBuildFile; fileRef = 729D842D2A3C2FAC00DAFB3A /* CPLunarDatePickerTests.swift */; };
		729D84382A3C2FAC00DAFB3A /* CPLunarDatePickerUITests.swift in Sources */ = {isa = PBXBuildFile; fileRef = 729D84372A3C2FAC00DAFB3A /* CPLunarDatePickerUITests.swift */; };
		729D843A2A3C2FAC00DAFB3A /* CPLunarDatePickerUITestsLaunchTests.swift in Sources */ = {isa = PBXBuildFile; fileRef = 729D84392A3C2FAC00DAFB3A /* CPLunarDatePickerUITestsLaunchTests.swift */; };
		729D845F2A3C31CD00DAFB3A /* CPLunarDatePickerView.swift in Sources */ = {isa = PBXBuildFile; fileRef = 729D84582A3C31CD00DAFB3A /* CPLunarDatePickerView.swift */; };
		729D84602A3C31CD00DAFB3A /* CPDatePickerHeaderView.swift in Sources */ = {isa = PBXBuildFile; fileRef = 729D84592A3C31CD00DAFB3A /* CPDatePickerHeaderView.swift */; };
		729D84612A3C31CD00DAFB3A /* CPStringPickerView.swift in Sources */ = {isa = PBXBuildFile; fileRef = 729D845A2A3C31CD00DAFB3A /* CPStringPickerView.swift */; };
		729D84622A3C31CD00DAFB3A /* CPBasePickerView.swift in Sources */ = {isa = PBXBuildFile; fileRef = 729D845B2A3C31CD00DAFB3A /* CPBasePickerView.swift */; };
		729D84632A3C31CD00DAFB3A /* CPPickerStyle.swift in Sources */ = {isa = PBXBuildFile; fileRef = 729D845C2A3C31CD00DAFB3A /* CPPickerStyle.swift */; };
		729D84642A3C31CD00DAFB3A /* CPPickerManager.swift in Sources */ = {isa = PBXBuildFile; fileRef = 729D845D2A3C31CD00DAFB3A /* CPPickerManager.swift */; };
		729D84652A3C31CD00DAFB3A /* CPDatePickerView.swift in Sources */ = {isa = PBXBuildFile; fileRef = 729D845E2A3C31CD00DAFB3A /* CPDatePickerView.swift */; };
		729D84672A3C31EC00DAFB3A /* CPUtil.swift in Sources */ = {isa = PBXBuildFile; fileRef = 729D84662A3C31EC00DAFB3A /* CPUtil.swift */; };
		729D84692A3C33AF00DAFB3A /* CPDropBoxTextField.swift in Sources */ = {isa = PBXBuildFile; fileRef = 729D84682A3C33AF00DAFB3A /* CPDropBoxTextField.swift */; };
		729D846F2A3C3BF700DAFB3A /* box_default@3x.png in Resources */ = {isa = PBXBuildFile; fileRef = 729D846E2A3C3BF700DAFB3A /* box_default@3x.png */; };
		729D84712A3C3C0200DAFB3A /* box_select@3x.png in Resources */ = {isa = PBXBuildFile; fileRef = 729D84702A3C3C0200DAFB3A /* box_select@3x.png */; };
		729D84742A3C3CC000DAFB3A /* icon_pull-down@3x.png in Resources */ = {isa = PBXBuildFile; fileRef = 729D84732A3C3CC000DAFB3A /* icon_pull-down@3x.png */; };
/* End PBXBuildFile section */

/* Begin PBXContainerItemProxy section */
		729D842A2A3C2FAC00DAFB3A /* PBXContainerItemProxy */ = {
			isa = PBXContainerItemProxy;
			containerPortal = 729D840B2A3C2FAB00DAFB3A /* Project object */;
			proxyType = 1;
			remoteGlobalIDString = 729D84122A3C2FAB00DAFB3A;
			remoteInfo = CPLunarDatePicker;
		};
		729D84342A3C2FAC00DAFB3A /* PBXContainerItemProxy */ = {
			isa = PBXContainerItemProxy;
			containerPortal = 729D840B2A3C2FAB00DAFB3A /* Project object */;
			proxyType = 1;
			remoteGlobalIDString = 729D84122A3C2FAB00DAFB3A;
			remoteInfo = CPLunarDatePicker;
		};
/* End PBXContainerItemProxy section */

/* Begin PBXFileReference section */
		729D84132A3C2FAB00DAFB3A /* CPLunarDatePicker.app */ = {isa = PBXFileReference; explicitFileType = wrapper.application; includeInIndex = 0; path = CPLunarDatePicker.app; sourceTree = BUILT_PRODUCTS_DIR; };
		729D84162A3C2FAB00DAFB3A /* AppDelegate.swift */ = {isa = PBXFileReference; lastKnownFileType = sourcecode.swift; path = AppDelegate.swift; sourceTree = "<group>"; };
		729D84182A3C2FAB00DAFB3A /* SceneDelegate.swift */ = {isa = PBXFileReference; lastKnownFileType = sourcecode.swift; path = SceneDelegate.swift; sourceTree = "<group>"; };
		729D841A2A3C2FAB00DAFB3A /* ViewController.swift */ = {isa = PBXFileReference; lastKnownFileType = sourcecode.swift; path = ViewController.swift; sourceTree = "<group>"; };
		729D841D2A3C2FAB00DAFB3A /* Base */ = {isa = PBXFileReference; lastKnownFileType = file.storyboard; name = Base; path = Base.lproj/Main.storyboard; sourceTree = "<group>"; };
		729D841F2A3C2FAC00DAFB3A /* Assets.xcassets */ = {isa = PBXFileReference; lastKnownFileType = folder.assetcatalog; path = Assets.xcassets; sourceTree = "<group>"; };
		729D84222A3C2FAC00DAFB3A /* Base */ = {isa = PBXFileReference; lastKnownFileType = file.storyboard; name = Base; path = Base.lproj/LaunchScreen.storyboard; sourceTree = "<group>"; };
		729D84242A3C2FAC00DAFB3A /* Info.plist */ = {isa = PBXFileReference; lastKnownFileType = text.plist.xml; path = Info.plist; sourceTree = "<group>"; };
		729D84292A3C2FAC00DAFB3A /* CPLunarDatePickerTests.xctest */ = {isa = PBXFileReference; explicitFileType = wrapper.cfbundle; includeInIndex = 0; path = CPLunarDatePickerTests.xctest; sourceTree = BUILT_PRODUCTS_DIR; };
		729D842D2A3C2FAC00DAFB3A /* CPLunarDatePickerTests.swift */ = {isa = PBXFileReference; lastKnownFileType = sourcecode.swift; path = CPLunarDatePickerTests.swift; sourceTree = "<group>"; };
		729D84332A3C2FAC00DAFB3A /* CPLunarDatePickerUITests.xctest */ = {isa = PBXFileReference; explicitFileType = wrapper.cfbundle; includeInIndex = 0; path = CPLunarDatePickerUITests.xctest; sourceTree = BUILT_PRODUCTS_DIR; };
		729D84372A3C2FAC00DAFB3A /* CPLunarDatePickerUITests.swift */ = {isa = PBXFileReference; lastKnownFileType = sourcecode.swift; path = CPLunarDatePickerUITests.swift; sourceTree = "<group>"; };
		729D84392A3C2FAC00DAFB3A /* CPLunarDatePickerUITestsLaunchTests.swift */ = {isa = PBXFileReference; lastKnownFileType = sourcecode.swift; path = CPLunarDatePickerUITestsLaunchTests.swift; sourceTree = "<group>"; };
		729D84582A3C31CD00DAFB3A /* CPLunarDatePickerView.swift */ = {isa = PBXFileReference; fileEncoding = 4; lastKnownFileType = sourcecode.swift; path = CPLunarDatePickerView.swift; sourceTree = "<group>"; };
		729D84592A3C31CD00DAFB3A /* CPDatePickerHeaderView.swift */ = {isa = PBXFileReference; fileEncoding = 4; lastKnownFileType = sourcecode.swift; path = CPDatePickerHeaderView.swift; sourceTree = "<group>"; };
		729D845A2A3C31CD00DAFB3A /* CPStringPickerView.swift */ = {isa = PBXFileReference; fileEncoding = 4; lastKnownFileType = sourcecode.swift; path = CPStringPickerView.swift; sourceTree = "<group>"; };
		729D845B2A3C31CD00DAFB3A /* CPBasePickerView.swift */ = {isa = PBXFileReference; fileEncoding = 4; lastKnownFileType = sourcecode.swift; path = CPBasePickerView.swift; sourceTree = "<group>"; };
		729D845C2A3C31CD00DAFB3A /* CPPickerStyle.swift */ = {isa = PBXFileReference; fileEncoding = 4; lastKnownFileType = sourcecode.swift; path = CPPickerStyle.swift; sourceTree = "<group>"; };
		729D845D2A3C31CD00DAFB3A /* CPPickerManager.swift */ = {isa = PBXFileReference; fileEncoding = 4; lastKnownFileType = sourcecode.swift; path = CPPickerManager.swift; sourceTree = "<group>"; };
		729D845E2A3C31CD00DAFB3A /* CPDatePickerView.swift */ = {isa = PBXFileReference; fileEncoding = 4; lastKnownFileType = sourcecode.swift; path = CPDatePickerView.swift; sourceTree = "<group>"; };
		729D84662A3C31EC00DAFB3A /* CPUtil.swift */ = {isa = PBXFileReference; lastKnownFileType = sourcecode.swift; path = CPUtil.swift; sourceTree = "<group>"; };
		729D84682A3C33AF00DAFB3A /* CPDropBoxTextField.swift */ = {isa = PBXFileReference; fileEncoding = 4; lastKnownFileType = sourcecode.swift; path = CPDropBoxTextField.swift; sourceTree = "<group>"; };
		729D846E2A3C3BF700DAFB3A /* box_default@3x.png */ = {isa = PBXFileReference; lastKnownFileType = image.png; path = "box_default@3x.png"; sourceTree = "<group>"; };
		729D84702A3C3C0200DAFB3A /* box_select@3x.png */ = {isa = PBXFileReference; lastKnownFileType = image.png; path = "box_select@3x.png"; sourceTree = "<group>"; };
		729D84732A3C3CC000DAFB3A /* icon_pull-down@3x.png */ = {isa = PBXFileReference; lastKnownFileType = image.png; path = "icon_pull-down@3x.png"; sourceTree = "<group>"; };
/* End PBXFileReference section */

/* Begin PBXFrameworksBuildPhase section */
		729D84102A3C2FAB00DAFB3A /* Frameworks */ = {
			isa = PBXFrameworksBuildPhase;
			buildActionMask = 2147483647;
			files = (
			);
			runOnlyForDeploymentPostprocessing = 0;
		};
		729D84262A3C2FAC00DAFB3A /* Frameworks */ = {
			isa = PBXFrameworksBuildPhase;
			buildActionMask = 2147483647;
			files = (
			);
			runOnlyForDeploymentPostprocessing = 0;
		};
		729D84302A3C2FAC00DAFB3A /* Frameworks */ = {
			isa = PBXFrameworksBuildPhase;
			buildActionMask = 2147483647;
			files = (
			);
			runOnlyForDeploymentPostprocessing = 0;
		};
/* End PBXFrameworksBuildPhase section */

/* Begin PBXGroup section */
		729D840A2A3C2FAB00DAFB3A = {
			isa = PBXGroup;
			children = (
				729D84152A3C2FAB00DAFB3A /* CPLunarDatePicker */,
				729D842C2A3C2FAC00DAFB3A /* CPLunarDatePickerTests */,
				729D84362A3C2FAC00DAFB3A /* CPLunarDatePickerUITests */,
				729D84142A3C2FAB00DAFB3A /* Products */,
			);
			sourceTree = "<group>";
		};
		729D84142A3C2FAB00DAFB3A /* Products */ = {
			isa = PBXGroup;
			children = (
				729D84132A3C2FAB00DAFB3A /* CPLunarDatePicker.app */,
				729D84292A3C2FAC00DAFB3A /* CPLunarDatePickerTests.xctest */,
				729D84332A3C2FAC00DAFB3A /* CPLunarDatePickerUITests.xctest */,
			);
			name = Products;
			sourceTree = "<group>";
		};
		729D84152A3C2FAB00DAFB3A /* CPLunarDatePicker */ = {
			isa = PBXGroup;
			children = (
				729D84572A3C31CD00DAFB3A /* CPDatePicker */,
				729D84162A3C2FAB00DAFB3A /* AppDelegate.swift */,
				729D84182A3C2FAB00DAFB3A /* SceneDelegate.swift */,
				729D841A2A3C2FAB00DAFB3A /* ViewController.swift */,
				729D841C2A3C2FAB00DAFB3A /* Main.storyboard */,
				729D841F2A3C2FAC00DAFB3A /* Assets.xcassets */,
				729D84212A3C2FAC00DAFB3A /* LaunchScreen.storyboard */,
				729D84242A3C2FAC00DAFB3A /* Info.plist */,
			);
			path = CPLunarDatePicker;
			sourceTree = "<group>";
		};
		729D842C2A3C2FAC00DAFB3A /* CPLunarDatePickerTests */ = {
			isa = PBXGroup;
			children = (
				729D842D2A3C2FAC00DAFB3A /* CPLunarDatePickerTests.swift */,
			);
			path = CPLunarDatePickerTests;
			sourceTree = "<group>";
		};
		729D84362A3C2FAC00DAFB3A /* CPLunarDatePickerUITests */ = {
			isa = PBXGroup;
			children = (
				729D84372A3C2FAC00DAFB3A /* CPLunarDatePickerUITests.swift */,
				729D84392A3C2FAC00DAFB3A /* CPLunarDatePickerUITestsLaunchTests.swift */,
			);
			path = CPLunarDatePickerUITests;
			sourceTree = "<group>";
		};
		729D84572A3C31CD00DAFB3A /* CPDatePicker */ = {
			isa = PBXGroup;
			children = (
				729D84722A3C3C0C00DAFB3A /* assets */,
				729D84682A3C33AF00DAFB3A /* CPDropBoxTextField.swift */,
				729D84582A3C31CD00DAFB3A /* CPLunarDatePickerView.swift */,
				729D84592A3C31CD00DAFB3A /* CPDatePickerHeaderView.swift */,
				729D845A2A3C31CD00DAFB3A /* CPStringPickerView.swift */,
				729D845B2A3C31CD00DAFB3A /* CPBasePickerView.swift */,
				729D845C2A3C31CD00DAFB3A /* CPPickerStyle.swift */,
				729D845D2A3C31CD00DAFB3A /* CPPickerManager.swift */,
				729D845E2A3C31CD00DAFB3A /* CPDatePickerView.swift */,
				729D84662A3C31EC00DAFB3A /* CPUtil.swift */,
			);
			path = CPDatePicker;
			sourceTree = "<group>";
		};
		729D84722A3C3C0C00DAFB3A /* assets */ = {
			isa = PBXGroup;
			children = (
				729D84732A3C3CC000DAFB3A /* icon_pull-down@3x.png */,
				729D84702A3C3C0200DAFB3A /* box_select@3x.png */,
				729D846E2A3C3BF700DAFB3A /* box_default@3x.png */,
			);
			path = assets;
			sourceTree = "<group>";
		};
/* End PBXGroup section */

/* Begin PBXNativeTarget section */
		729D84122A3C2FAB00DAFB3A /* CPLunarDatePicker */ = {
			isa = PBXNativeTarget;
			buildConfigurationList = 729D843D2A3C2FAC00DAFB3A /* Build configuration list for PBXNativeTarget "CPLunarDatePicker" */;
			buildPhases = (
				729D840F2A3C2FAB00DAFB3A /* Sources */,
				729D84102A3C2FAB00DAFB3A /* Frameworks */,
				729D84112A3C2FAB00DAFB3A /* Resources */,
			);
			buildRules = (
			);
			dependencies = (
			);
			name = CPLunarDatePicker;
			productName = CPLunarDatePicker;
			productReference = 729D84132A3C2FAB00DAFB3A /* CPLunarDatePicker.app */;
			productType = "com.apple.product-type.application";
		};
		729D84282A3C2FAC00DAFB3A /* CPLunarDatePickerTests */ = {
			isa = PBXNativeTarget;
			buildConfigurationList = 729D84402A3C2FAC00DAFB3A /* Build configuration list for PBXNativeTarget "CPLunarDatePickerTests" */;
			buildPhases = (
				729D84252A3C2FAC00DAFB3A /* Sources */,
				729D84262A3C2FAC00DAFB3A /* Frameworks */,
				729D84272A3C2FAC00DAFB3A /* Resources */,
			);
			buildRules = (
			);
			dependencies = (
				729D842B2A3C2FAC00DAFB3A /* PBXTargetDependency */,
			);
			name = CPLunarDatePickerTests;
			productName = CPLunarDatePickerTests;
			productReference = 729D84292A3C2FAC00DAFB3A /* CPLunarDatePickerTests.xctest */;
			productType = "com.apple.product-type.bundle.unit-test";
		};
		729D84322A3C2FAC00DAFB3A /* CPLunarDatePickerUITests */ = {
			isa = PBXNativeTarget;
			buildConfigurationList = 729D84432A3C2FAC00DAFB3A /* Build configuration list for PBXNativeTarget "CPLunarDatePickerUITests" */;
			buildPhases = (
				729D842F2A3C2FAC00DAFB3A /* Sources */,
				729D84302A3C2FAC00DAFB3A /* Frameworks */,
				729D84312A3C2FAC00DAFB3A /* Resources */,
			);
			buildRules = (
			);
			dependencies = (
				729D84352A3C2FAC00DAFB3A /* PBXTargetDependency */,
			);
			name = CPLunarDatePickerUITests;
			productName = CPLunarDatePickerUITests;
			productReference = 729D84332A3C2FAC00DAFB3A /* CPLunarDatePickerUITests.xctest */;
			productType = "com.apple.product-type.bundle.ui-testing";
		};
/* End PBXNativeTarget section */

/* Begin PBXProject section */
		729D840B2A3C2FAB00DAFB3A /* Project object */ = {
			isa = PBXProject;
			attributes = {
				BuildIndependentTargetsInParallel = 1;
				LastSwiftUpdateCheck = 1400;
				LastUpgradeCheck = 1400;
				TargetAttributes = {
					729D84122A3C2FAB00DAFB3A = {
						CreatedOnToolsVersion = 14.0;
					};
					729D84282A3C2FAC00DAFB3A = {
						CreatedOnToolsVersion = 14.0;
						TestTargetID = 729D84122A3C2FAB00DAFB3A;
					};
					729D84322A3C2FAC00DAFB3A = {
						CreatedOnToolsVersion = 14.0;
						TestTargetID = 729D84122A3C2FAB00DAFB3A;
					};
				};
			};
			buildConfigurationList = 729D840E2A3C2FAB00DAFB3A /* Build configuration list for PBXProject "CPLunarDatePicker" */;
			compatibilityVersion = "Xcode 14.0";
			developmentRegion = en;
			hasScannedForEncodings = 0;
			knownRegions = (
				en,
				Base,
			);
			mainGroup = 729D840A2A3C2FAB00DAFB3A;
			productRefGroup = 729D84142A3C2FAB00DAFB3A /* Products */;
			projectDirPath = "";
			projectRoot = "";
			targets = (
				729D84122A3C2FAB00DAFB3A /* CPLunarDatePicker */,
				729D84282A3C2FAC00DAFB3A /* CPLunarDatePickerTests */,
				729D84322A3C2FAC00DAFB3A /* CPLunarDatePickerUITests */,
			);
		};
/* End PBXProject section */

/* Begin PBXResourcesBuildPhase section */
		729D84112A3C2FAB00DAFB3A /* Resources */ = {
			isa = PBXResourcesBuildPhase;
			buildActionMask = 2147483647;
			files = (
				729D84232A3C2FAC00DAFB3A /* LaunchScreen.storyboard in Resources */,
				729D84742A3C3CC000DAFB3A /* icon_pull-down@3x.png in Resources */,
				729D846F2A3C3BF700DAFB3A /* box_default@3x.png in Resources */,
				729D84712A3C3C0200DAFB3A /* box_select@3x.png in Resources */,
				729D84202A3C2FAC00DAFB3A /* Assets.xcassets in Resources */,
				729D841E2A3C2FAB00DAFB3A /* Main.storyboard in Resources */,
			);
			runOnlyForDeploymentPostprocessing = 0;
		};
		729D84272A3C2FAC00DAFB3A /* Resources */ = {
			isa = PBXResourcesBuildPhase;
			buildActionMask = 2147483647;
			files = (
			);
			runOnlyForDeploymentPostprocessing = 0;
		};
		729D84312A3C2FAC00DAFB3A /* Resources */ = {
			isa = PBXResourcesBuildPhase;
			buildActionMask = 2147483647;
			files = (
			);
			runOnlyForDeploymentPostprocessing = 0;
		};
/* End PBXResourcesBuildPhase section */

/* Begin PBXSourcesBuildPhase section */
		729D840F2A3C2FAB00DAFB3A /* Sources */ = {
			isa = PBXSourcesBuildPhase;
			buildActionMask = 2147483647;
			files = (
				729D84632A3C31CD00DAFB3A /* CPPickerStyle.swift in Sources */,
				729D84692A3C33AF00DAFB3A /* CPDropBoxTextField.swift in Sources */,
				729D84652A3C31CD00DAFB3A /* CPDatePickerView.swift in Sources */,
				729D841B2A3C2FAB00DAFB3A /* ViewController.swift in Sources */,
				729D84602A3C31CD00DAFB3A /* CPDatePickerHeaderView.swift in Sources */,
				729D84622A3C31CD00DAFB3A /* CPBasePickerView.swift in Sources */,
				729D84172A3C2FAB00DAFB3A /* AppDelegate.swift in Sources */,
				729D845F2A3C31CD00DAFB3A /* CPLunarDatePickerView.swift in Sources */,
				729D84612A3C31CD00DAFB3A /* CPStringPickerView.swift in Sources */,
				729D84642A3C31CD00DAFB3A /* CPPickerManager.swift in Sources */,
				729D84672A3C31EC00DAFB3A /* CPUtil.swift in Sources */,
				729D84192A3C2FAB00DAFB3A /* SceneDelegate.swift in Sources */,
			);
			runOnlyForDeploymentPostprocessing = 0;
		};
		729D84252A3C2FAC00DAFB3A /* Sources */ = {
			isa = PBXSourcesBuildPhase;
			buildActionMask = 2147483647;
			files = (
				729D842E2A3C2FAC00DAFB3A /* CPLunarDatePickerTests.swift in Sources */,
			);
			runOnlyForDeploymentPostprocessing = 0;
		};
		729D842F2A3C2FAC00DAFB3A /* Sources */ = {
			isa = PBXSourcesBuildPhase;
			buildActionMask = 2147483647;
			files = (
				729D843A2A3C2FAC00DAFB3A /* CPLunarDatePickerUITestsLaunchTests.swift in Sources */,
				729D84382A3C2FAC00DAFB3A /* CPLunarDatePickerUITests.swift in Sources */,
			);
			runOnlyForDeploymentPostprocessing = 0;
		};
/* End PBXSourcesBuildPhase section */

/* Begin PBXTargetDependency section */
		729D842B2A3C2FAC00DAFB3A /* PBXTargetDependency */ = {
			isa = PBXTargetDependency;
			target = 729D84122A3C2FAB00DAFB3A /* CPLunarDatePicker */;
			targetProxy = 729D842A2A3C2FAC00DAFB3A /* PBXContainerItemProxy */;
		};
		729D84352A3C2FAC00DAFB3A /* PBXTargetDependency */ = {
			isa = PBXTargetDependency;
			target = 729D84122A3C2FAB00DAFB3A /* CPLunarDatePicker */;
			targetProxy = 729D84342A3C2FAC00DAFB3A /* PBXContainerItemProxy */;
		};
/* End PBXTargetDependency section */

/* Begin PBXVariantGroup section */
		729D841C2A3C2FAB00DAFB3A /* Main.storyboard */ = {
			isa = PBXVariantGroup;
			children = (
				729D841D2A3C2FAB00DAFB3A /* Base */,
			);
			name = Main.storyboard;
			sourceTree = "<group>";
		};
		729D84212A3C2FAC00DAFB3A /* LaunchScreen.storyboard */ = {
			isa = PBXVariantGroup;
			children = (
				729D84222A3C2FAC00DAFB3A /* Base */,
			);
			name = LaunchScreen.storyboard;
			sourceTree = "<group>";
		};
/* End PBXVariantGroup section */

/* Begin XCBuildConfiguration section */
		729D843B2A3C2FAC00DAFB3A /* Debug */ = {
			isa = XCBuildConfiguration;
			buildSettings = {
				ALWAYS_SEARCH_USER_PATHS = NO;
				CLANG_ANALYZER_NONNULL = YES;
				CLANG_ANALYZER_NUMBER_OBJECT_CONVERSION = YES_AGGRESSIVE;
				CLANG_CXX_LANGUAGE_STANDARD = "gnu++20";
				CLANG_ENABLE_MODULES = YES;
				CLANG_ENABLE_OBJC_ARC = YES;
				CLANG_ENABLE_OBJC_WEAK = YES;
				CLANG_WARN_BLOCK_CAPTURE_AUTORELEASING = YES;
				CLANG_WARN_BOOL_CONVERSION = YES;
				CLANG_WARN_COMMA = YES;
				CLANG_WARN_CONSTANT_CONVERSION = YES;
				CLANG_WARN_DEPRECATED_OBJC_IMPLEMENTATIONS = YES;
				CLANG_WARN_DIRECT_OBJC_ISA_USAGE = YES_ERROR;
				CLANG_WARN_DOCUMENTATION_COMMENTS = YES;
				CLANG_WARN_EMPTY_BODY = YES;
				CLANG_WARN_ENUM_CONVERSION = YES;
				CLANG_WARN_INFINITE_RECURSION = YES;
				CLANG_WARN_INT_CONVERSION = YES;
				CLANG_WARN_NON_LITERAL_NULL_CONVERSION = YES;
				CLANG_WARN_OBJC_IMPLICIT_RETAIN_SELF = YES;
				CLANG_WARN_OBJC_LITERAL_CONVERSION = YES;
				CLANG_WARN_OBJC_ROOT_CLASS = YES_ERROR;
				CLANG_WARN_QUOTED_INCLUDE_IN_FRAMEWORK_HEADER = YES;
				CLANG_WARN_RANGE_LOOP_ANALYSIS = YES;
				CLANG_WARN_STRICT_PROTOTYPES = YES;
				CLANG_WARN_SUSPICIOUS_MOVE = YES;
				CLANG_WARN_UNGUARDED_AVAILABILITY = YES_AGGRESSIVE;
				CLANG_WARN_UNREACHABLE_CODE = YES;
				CLANG_WARN__DUPLICATE_METHOD_MATCH = YES;
				COPY_PHASE_STRIP = NO;
				DEBUG_INFORMATION_FORMAT = dwarf;
				ENABLE_STRICT_OBJC_MSGSEND = YES;
				ENABLE_TESTABILITY = YES;
				GCC_C_LANGUAGE_STANDARD = gnu11;
				GCC_DYNAMIC_NO_PIC = NO;
				GCC_NO_COMMON_BLOCKS = YES;
				GCC_OPTIMIZATION_LEVEL = 0;
				GCC_PREPROCESSOR_DEFINITIONS = (
					"DEBUG=1",
					"$(inherited)",
				);
				GCC_WARN_64_TO_32_BIT_CONVERSION = YES;
				GCC_WARN_ABOUT_RETURN_TYPE = YES_ERROR;
				GCC_WARN_UNDECLARED_SELECTOR = YES;
				GCC_WARN_UNINITIALIZED_AUTOS = YES_AGGRESSIVE;
				GCC_WARN_UNUSED_FUNCTION = YES;
				GCC_WARN_UNUSED_VARIABLE = YES;
				IPHONEOS_DEPLOYMENT_TARGET = 16.0;
				MTL_ENABLE_DEBUG_INFO = INCLUDE_SOURCE;
				MTL_FAST_MATH = YES;
				ONLY_ACTIVE_ARCH = YES;
				SDKROOT = iphoneos;
				SWIFT_ACTIVE_COMPILATION_CONDITIONS = DEBUG;
				SWIFT_OPTIMIZATION_LEVEL = "-Onone";
			};
			name = Debug;
		};
		729D843C2A3C2FAC00DAFB3A /* Release */ = {
			isa = XCBuildConfiguration;
			buildSettings = {
				ALWAYS_SEARCH_USER_PATHS = NO;
				CLANG_ANALYZER_NONNULL = YES;
				CLANG_ANALYZER_NUMBER_OBJECT_CONVERSION = YES_AGGRESSIVE;
				CLANG_CXX_LANGUAGE_STANDARD = "gnu++20";
				CLANG_ENABLE_MODULES = YES;
				CLANG_ENABLE_OBJC_ARC = YES;
				CLANG_ENABLE_OBJC_WEAK = YES;
				CLANG_WARN_BLOCK_CAPTURE_AUTORELEASING = YES;
				CLANG_WARN_BOOL_CONVERSION = YES;
				CLANG_WARN_COMMA = YES;
				CLANG_WARN_CONSTANT_CONVERSION = YES;
				CLANG_WARN_DEPRECATED_OBJC_IMPLEMENTATIONS = YES;
				CLANG_WARN_DIRECT_OBJC_ISA_USAGE = YES_ERROR;
				CLANG_WARN_DOCUMENTATION_COMMENTS = YES;
				CLANG_WARN_EMPTY_BODY = YES;
				CLANG_WARN_ENUM_CONVERSION = YES;
				CLANG_WARN_INFINITE_RECURSION = YES;
				CLANG_WARN_INT_CONVERSION = YES;
				CLANG_WARN_NON_LITERAL_NULL_CONVERSION = YES;
				CLANG_WARN_OBJC_IMPLICIT_RETAIN_SELF = YES;
				CLANG_WARN_OBJC_LITERAL_CONVERSION = YES;
				CLANG_WARN_OBJC_ROOT_CLASS = YES_ERROR;
				CLANG_WARN_QUOTED_INCLUDE_IN_FRAMEWORK_HEADER = YES;
				CLANG_WARN_RANGE_LOOP_ANALYSIS = YES;
				CLANG_WARN_STRICT_PROTOTYPES = YES;
				CLANG_WARN_SUSPICIOUS_MOVE = YES;
				CLANG_WARN_UNGUARDED_AVAILABILITY = YES_AGGRESSIVE;
				CLANG_WARN_UNREACHABLE_CODE = YES;
				CLANG_WARN__DUPLICATE_METHOD_MATCH = YES;
				COPY_PHASE_STRIP = NO;
				DEBUG_INFORMATION_FORMAT = "dwarf-with-dsym";
				ENABLE_NS_ASSERTIONS = NO;
				ENABLE_STRICT_OBJC_MSGSEND = YES;
				GCC_C_LANGUAGE_STANDARD = gnu11;
				GCC_NO_COMMON_BLOCKS = YES;
				GCC_WARN_64_TO_32_BIT_CONVERSION = YES;
				GCC_WARN_ABOUT_RETURN_TYPE = YES_ERROR;
				GCC_WARN_UNDECLARED_SELECTOR = YES;
				GCC_WARN_UNINITIALIZED_AUTOS = YES_AGGRESSIVE;
				GCC_WARN_UNUSED_FUNCTION = YES;
				GCC_WARN_UNUSED_VARIABLE = YES;
				IPHONEOS_DEPLOYMENT_TARGET = 16.0;
				MTL_ENABLE_DEBUG_INFO = NO;
				MTL_FAST_MATH = YES;
				SDKROOT = iphoneos;
				SWIFT_COMPILATION_MODE = wholemodule;
				SWIFT_OPTIMIZATION_LEVEL = "-O";
				VALIDATE_PRODUCT = YES;
			};
			name = Release;
		};
		729D843E2A3C2FAC00DAFB3A /* Debug */ = {
			isa = XCBuildConfiguration;
			buildSettings = {
				ASSETCATALOG_COMPILER_APPICON_NAME = AppIcon;
				ASSETCATALOG_COMPILER_GLOBAL_ACCENT_COLOR_NAME = AccentColor;
				CODE_SIGN_STYLE = Automatic;
				CURRENT_PROJECT_VERSION = 1;
				GENERATE_INFOPLIST_FILE = YES;
				INFOPLIST_FILE = CPLunarDatePicker/Info.plist;
				INFOPLIST_KEY_UIApplicationSupportsIndirectInputEvents = YES;
				INFOPLIST_KEY_UILaunchStoryboardName = LaunchScreen;
				INFOPLIST_KEY_UIMainStoryboardFile = Main;
				INFOPLIST_KEY_UISupportedInterfaceOrientations_iPad = "UIInterfaceOrientationPortrait UIInterfaceOrientationPortraitUpsideDown UIInterfaceOrientationLandscapeLeft UIInterfaceOrientationLandscapeRight";
				INFOPLIST_KEY_UISupportedInterfaceOrientations_iPhone = "UIInterfaceOrientationPortrait UIInterfaceOrientationLandscapeLeft UIInterfaceOrientationLandscapeRight";
				IPHONEOS_DEPLOYMENT_TARGET = 13.0;
				LD_RUNPATH_SEARCH_PATHS = (
					"$(inherited)",
					"@executable_path/Frameworks",
				);
				MARKETING_VERSION = 1.0;
				PRODUCT_BUNDLE_IDENTIFIER = com.cp.LunarDatePicker.CPLunarDatePicker;
				PRODUCT_NAME = "$(TARGET_NAME)";
				SWIFT_EMIT_LOC_STRINGS = YES;
				SWIFT_VERSION = 5.0;
				TARGETED_DEVICE_FAMILY = "1,2";
			};
			name = Debug;
		};
		729D843F2A3C2FAC00DAFB3A /* Release */ = {
			isa = XCBuildConfiguration;
			buildSettings = {
				ASSETCATALOG_COMPILER_APPICON_NAME = AppIcon;
				ASSETCATALOG_COMPILER_GLOBAL_ACCENT_COLOR_NAME = AccentColor;
				CODE_SIGN_STYLE = Automatic;
				CURRENT_PROJECT_VERSION = 1;
				GENERATE_INFOPLIST_FILE = YES;
				INFOPLIST_FILE = CPLunarDatePicker/Info.plist;
				INFOPLIST_KEY_UIApplicationSupportsIndirectInputEvents = YES;
				INFOPLIST_KEY_UILaunchStoryboardName = LaunchScreen;
				INFOPLIST_KEY_UIMainStoryboardFile = Main;
				INFOPLIST_KEY_UISupportedInterfaceOrientations_iPad = "UIInterfaceOrientationPortrait UIInterfaceOrientationPortraitUpsideDown UIInterfaceOrientationLandscapeLeft UIInterfaceOrientationLandscapeRight";
				INFOPLIST_KEY_UISupportedInterfaceOrientations_iPhone = "UIInterfaceOrientationPortrait UIInterfaceOrientationLandscapeLeft UIInterfaceOrientationLandscapeRight";
				IPHONEOS_DEPLOYMENT_TARGET = 13.0;
				LD_RUNPATH_SEARCH_PATHS = (
					"$(inherited)",
					"@executable_path/Frameworks",
				);
				MARKETING_VERSION = 1.0;
				PRODUCT_BUNDLE_IDENTIFIER = com.cp.LunarDatePicker.CPLunarDatePicker;
				PRODUCT_NAME = "$(TARGET_NAME)";
				SWIFT_EMIT_LOC_STRINGS = YES;
				SWIFT_VERSION = 5.0;
				TARGETED_DEVICE_FAMILY = "1,2";
			};
			name = Release;
		};
		729D84412A3C2FAC00DAFB3A /* Debug */ = {
			isa = XCBuildConfiguration;
			buildSettings = {
				ALWAYS_EMBED_SWIFT_STANDARD_LIBRARIES = YES;
				BUNDLE_LOADER = "$(TEST_HOST)";
				CODE_SIGN_STYLE = Automatic;
				CURRENT_PROJECT_VERSION = 1;
				GENERATE_INFOPLIST_FILE = YES;
				IPHONEOS_DEPLOYMENT_TARGET = 16.0;
				MARKETING_VERSION = 1.0;
				PRODUCT_BUNDLE_IDENTIFIER = com.cp.LunarDatePicker.CPLunarDatePickerTests;
				PRODUCT_NAME = "$(TARGET_NAME)";
				SWIFT_EMIT_LOC_STRINGS = NO;
				SWIFT_VERSION = 5.0;
				TARGETED_DEVICE_FAMILY = "1,2";
				TEST_HOST = "$(BUILT_PRODUCTS_DIR)/CPLunarDatePicker.app/$(BUNDLE_EXECUTABLE_FOLDER_PATH)/CPLunarDatePicker";
			};
			name = Debug;
		};
		729D84422A3C2FAC00DAFB3A /* Release */ = {
			isa = XCBuildConfiguration;
			buildSettings = {
				ALWAYS_EMBED_SWIFT_STANDARD_LIBRARIES = YES;
				BUNDLE_LOADER = "$(TEST_HOST)";
				CODE_SIGN_STYLE = Automatic;
				CURRENT_PROJECT_VERSION = 1;
				GENERATE_INFOPLIST_FILE = YES;
				IPHONEOS_DEPLOYMENT_TARGET = 16.0;
				MARKETING_VERSION = 1.0;
				PRODUCT_BUNDLE_IDENTIFIER = com.cp.LunarDatePicker.CPLunarDatePickerTests;
				PRODUCT_NAME = "$(TARGET_NAME)";
				SWIFT_EMIT_LOC_STRINGS = NO;
				SWIFT_VERSION = 5.0;
				TARGETED_DEVICE_FAMILY = "1,2";
				TEST_HOST = "$(BUILT_PRODUCTS_DIR)/CPLunarDatePicker.app/$(BUNDLE_EXECUTABLE_FOLDER_PATH)/CPLunarDatePicker";
			};
			name = Release;
		};
		729D84442A3C2FAC00DAFB3A /* Debug */ = {
			isa = XCBuildConfiguration;
			buildSettings = {
				ALWAYS_EMBED_SWIFT_STANDARD_LIBRARIES = YES;
				CODE_SIGN_STYLE = Automatic;
				CURRENT_PROJECT_VERSION = 1;
				GENERATE_INFOPLIST_FILE = YES;
				MARKETING_VERSION = 1.0;
				PRODUCT_BUNDLE_IDENTIFIER = com.cp.LunarDatePicker.CPLunarDatePickerUITests;
				PRODUCT_NAME = "$(TARGET_NAME)";
				SWIFT_EMIT_LOC_STRINGS = NO;
				SWIFT_VERSION = 5.0;
				TARGETED_DEVICE_FAMILY = "1,2";
				TEST_TARGET_NAME = CPLunarDatePicker;
			};
			name = Debug;
		};
		729D84452A3C2FAC00DAFB3A /* Release */ = {
			isa = XCBuildConfiguration;
			buildSettings = {
				ALWAYS_EMBED_SWIFT_STANDARD_LIBRARIES = YES;
				CODE_SIGN_STYLE = Automatic;
				CURRENT_PROJECT_VERSION = 1;
				GENERATE_INFOPLIST_FILE = YES;
				MARKETING_VERSION = 1.0;
				PRODUCT_BUNDLE_IDENTIFIER = com.cp.LunarDatePicker.CPLunarDatePickerUITests;
				PRODUCT_NAME = "$(TARGET_NAME)";
				SWIFT_EMIT_LOC_STRINGS = NO;
				SWIFT_VERSION = 5.0;
				TARGETED_DEVICE_FAMILY = "1,2";
				TEST_TARGET_NAME = CPLunarDatePicker;
			};
			name = Release;
		};
/* End XCBuildConfiguration section */

/* Begin XCConfigurationList section */
		729D840E2A3C2FAB00DAFB3A /* Build configuration list for PBXProject "CPLunarDatePicker" */ = {
			isa = XCConfigurationList;
			buildConfigurations = (
				729D843B2A3C2FAC00DAFB3A /* Debug */,
				729D843C2A3C2FAC00DAFB3A /* Release */,
			);
			defaultConfigurationIsVisible = 0;
			defaultConfigurationName = Release;
		};
		729D843D2A3C2FAC00DAFB3A /* Build configuration list for PBXNativeTarget "CPLunarDatePicker" */ = {
			isa = XCConfigurationList;
			buildConfigurations = (
				729D843E2A3C2FAC00DAFB3A /* Debug */,
				729D843F2A3C2FAC00DAFB3A /* Release */,
			);
			defaultConfigurationIsVisible = 0;
			defaultConfigurationName = Release;
		};
		729D84402A3C2FAC00DAFB3A /* Build configuration list for PBXNativeTarget "CPLunarDatePickerTests" */ = {
			isa = XCConfigurationList;
			buildConfigurations = (
				729D84412A3C2FAC00DAFB3A /* Debug */,
				729D84422A3C2FAC00DAFB3A /* Release */,
			);
			defaultConfigurationIsVisible = 0;
			defaultConfigurationName = Release;
		};
		729D84432A3C2FAC00DAFB3A /* Build configuration list for PBXNativeTarget "CPLunarDatePickerUITests" */ = {
			isa = XCConfigurationList;
			buildConfigurations = (
				729D84442A3C2FAC00DAFB3A /* Debug */,
				729D84452A3C2FAC00DAFB3A /* Release */,
			);
			defaultConfigurationIsVisible = 0;
			defaultConfigurationName = Release;
		};
/* End XCConfigurationList section */
	};
	rootObject = 729D840B2A3C2FAB00DAFB3A /* Project object */;
}
